
Microsoft Visual Studio Solution File, Format Version 12.00
# Visual Studio Version 17
VisualStudioVersion = 17.14.36511.14 d17.14
MinimumVisualStudioVersion = 10.0.40219.1
Project("{FAE04EC0-301F-11D3-BF4B-00C04F79EFBC}") = "csapat_jegy_05_27", "csapat_jegy_05_27.csproj", "{B1843234-02EC-4C4A-B5D2-AD7019718492}"
EndProject
Global
	GlobalSection(SolutionConfigurationPlatforms) = preSolution
		Debug|Any CPU = Debug|Any CPU
		Release|Any CPU = Release|Any CPU
	EndGlobalSection
	GlobalSection(ProjectConfigurationPlatforms) = postSolution
		{B1843234-02EC-4C4A-B5D2-AD7019718492}.Debug|Any CPU.ActiveCfg = Debug|Any CPU
		{B1843234-02EC-4C4A-B5D2-AD7019718492}.Debug|Any CPU.Build.0 = Debug|Any CPU
		{B1843234-02EC-4C4A-B5D2-AD7019718492}.Release|Any CPU.ActiveCfg = Release|Any CPU
		{B1843234-02EC-4C4A-B5D2-AD7019718492}.Release|Any CPU.Build.0 = Release|Any CPU
	EndGlobalSection
	GlobalSection(SolutionProperties) = preSolution
		HideSolutionNode = FALSE
	EndGlobalSection
	GlobalSection(ExtensibilityGlobals) = postSolution
		SolutionGuid = {3E0AD10C-E99B-44C3-942E-77D21BAF2910}
	EndGlobalSection
EndGlobal
